// !$*UTF8*$!
{
	archiveVersion = 1;
	classes = {
	};
	objectVersion = 46;
	objects = {

/* Begin PBXAggregateTarget section */
		0083E3241683DE24003A1590 /* Build All */ = {
			isa = PBXAggregateTarget;
			buildConfigurationList = 0083E3251683DE24003A1590 /* Build configuration list for PBXAggregateTarget "Build All" */;
			buildPhases = (
			);
			dependencies = (
				0083E3291683DE2A003A1590 /* PBXTargetDependency */,
			);
			name = "Build All";
			productName = "Build All";
		};
/* End PBXAggregateTarget section */

/* Begin PBXBuildFile section */
		24E9AFB5177A4A4000D249E7 /* AccessTokenObj.m in Sources */ = {isa = PBXBuildFile; fileRef = 24E9AF95177A4A4000D249E7 /* AccessTokenObj.m */; };
		24E9AFBB177A4A4000D249E7 /* FriendsObj.m in Sources */ = {isa = PBXBuildFile; fileRef = 24E9AFA6177A4A4000D249E7 /* FriendsObj.m */; };
		24E9AFBC177A4A4000D249E7 /* FSHClient.m in Sources */ = {isa = PBXBuildFile; fileRef = 24E9AFA8177A4A4000D249E7 /* FSHClient.m */; };
		24E9AFBD177A4A4000D249E7 /* PhotoObj.m in Sources */ = {isa = PBXBuildFile; fileRef = 24E9AFAA177A4A4000D249E7 /* PhotoObj.m */; };
		24E9AFBE177A4A4000D249E7 /* PhotosObj.m in Sources */ = {isa = PBXBuildFile; fileRef = 24E9AFAC177A4A4000D249E7 /* PhotosObj.m */; };
		24E9AFBF177A4A4000D249E7 /* ProfileObj.m in Sources */ = {isa = PBXBuildFile; fileRef = 24E9AFAE177A4A4000D249E7 /* ProfileObj.m */; };
		24E9AFC0177A4A4000D249E7 /* ThemeObj.m in Sources */ = {isa = PBXBuildFile; fileRef = 24E9AFB0177A4A4000D249E7 /* ThemeObj.m */; };
		24E9AFC1177A4A4000D249E7 /* ThemesObj.m in Sources */ = {isa = PBXBuildFile; fileRef = 24E9AFB2177A4A4000D249E7 /* ThemesObj.m */; };
		24E9AFC2177A4A4000D249E7 /* UploadUrlObj.m in Sources */ = {isa = PBXBuildFile; fileRef = 24E9AFB4177A4A4000D249E7 /* UploadUrlObj.m */; };
		24E9AFC4177A4A4E00D249E7 /* Default-568h@2x.png in Resources */ = {isa = PBXBuildFile; fileRef = 24E9AFC3177A4A4E00D249E7 /* Default-568h@2x.png */; };
		24E9AFD9177A4AB400D249E7 /* AFHTTPClient.m in Sources */ = {isa = PBXBuildFile; fileRef = 24E9AFC7177A4AB400D249E7 /* AFHTTPClient.m */; };
		24E9AFDA177A4AB400D249E7 /* AFHTTPRequestOperation.m in Sources */ = {isa = PBXBuildFile; fileRef = 24E9AFC9177A4AB400D249E7 /* AFHTTPRequestOperation.m */; };
		24E9AFDB177A4AB400D249E7 /* AFImageRequestOperation.m in Sources */ = {isa = PBXBuildFile; fileRef = 24E9AFCB177A4AB400D249E7 /* AFImageRequestOperation.m */; };
		24E9AFDC177A4AB400D249E7 /* AFJSONRequestOperation.m in Sources */ = {isa = PBXBuildFile; fileRef = 24E9AFCD177A4AB400D249E7 /* AFJSONRequestOperation.m */; };
		24E9AFDD177A4AB400D249E7 /* AFNetworkActivityIndicatorManager.m in Sources */ = {isa = PBXBuildFile; fileRef = 24E9AFCF177A4AB400D249E7 /* AFNetworkActivityIndicatorManager.m */; };
		24E9AFDE177A4AB400D249E7 /* AFPropertyListRequestOperation.m in Sources */ = {isa = PBXBuildFile; fileRef = 24E9AFD2177A4AB400D249E7 /* AFPropertyListRequestOperation.m */; };
		24E9AFDF177A4AB400D249E7 /* AFURLConnectionOperation.m in Sources */ = {isa = PBXBuildFile; fileRef = 24E9AFD4177A4AB400D249E7 /* AFURLConnectionOperation.m */; };
		24E9AFE0177A4AB400D249E7 /* AFXMLRequestOperation.m in Sources */ = {isa = PBXBuildFile; fileRef = 24E9AFD6177A4AB400D249E7 /* AFXMLRequestOperation.m */; };
		24E9AFE1177A4AB400D249E7 /* UIImageView+AFNetworking.m in Sources */ = {isa = PBXBuildFile; fileRef = 24E9AFD8177A4AB400D249E7 /* UIImageView+AFNetworking.m */; };
		8E1B96161735E97200C5F405 /* GoogleOpenSource.framework in Frameworks */ = {isa = PBXBuildFile; fileRef = 8E1B96151735E97200C5F405 /* GoogleOpenSource.framework */; };
		8EDCFA24173443DA006110F5 /* GooglePlus.framework in Frameworks */ = {isa = PBXBuildFile; fileRef = 8EDCFA23173443DA006110F5 /* GooglePlus.framework */; };
		8EDCFA28173443F8006110F5 /* GooglePlus.bundle in Resources */ = {isa = PBXBuildFile; fileRef = 8EDCFA27173443F8006110F5 /* GooglePlus.bundle */; };
		EF2E6A2C16847F9C0047ABBF /* bin.png in Resources */ = {isa = PBXBuildFile; fileRef = EF2E6A2A16847F9C0047ABBF /* bin.png */; };
		EF37A117163994D3008069F1 /* FSHPhoto.m in Sources */ = {isa = PBXBuildFile; fileRef = EF37A116163994D3008069F1 /* FSHPhoto.m */; };
		EF3D291116DCC8850062F6FE /* bin@2x.png in Resources */ = {isa = PBXBuildFile; fileRef = EF3D290D16DCC8850062F6FE /* bin@2x.png */; };
		EF3D291216DCC8850062F6FE /* hamburger@2x.png in Resources */ = {isa = PBXBuildFile; fileRef = EF3D290E16DCC8850062F6FE /* hamburger@2x.png */; };
		EF3D291316DCC8850062F6FE /* toggle@2x.png in Resources */ = {isa = PBXBuildFile; fileRef = EF3D290F16DCC8850062F6FE /* toggle@2x.png */; };
		EF3D291416DCC8850062F6FE /* upload@2x.png in Resources */ = {isa = PBXBuildFile; fileRef = EF3D291016DCC8850062F6FE /* upload@2x.png */; };
		EF4E80811678A4190018E1EF /* FSHPhotos.m in Sources */ = {isa = PBXBuildFile; fileRef = EF4E80801678A4190018E1EF /* FSHPhotos.m */; };
		EF4E808D1678C42C0018E1EF /* GTLQueryFSH.m in Sources */ = {isa = PBXBuildFile; fileRef = EF4E808C1678C42C0018E1EF /* GTLQueryFSH.m */; };
		EF4E80901678CB5F0018E1EF /* GTLServiceFSH.m in Sources */ = {isa = PBXBuildFile; fileRef = EF4E808F1678CB5F0018E1EF /* GTLServiceFSH.m */; };
		EF4E80931678D2480018E1EF /* FSHAccessToken.m in Sources */ = {isa = PBXBuildFile; fileRef = EF4E80921678D2470018E1EF /* FSHAccessToken.m */; };
		EF99055C167CA6AA006B820C /* PhotoCardView.m in Sources */ = {isa = PBXBuildFile; fileRef = EF99055B167CA6AA006B820C /* PhotoCardView.m */; };
		EF990561167E460F006B820C /* TakePhotoView.m in Sources */ = {isa = PBXBuildFile; fileRef = EF990560167E460F006B820C /* TakePhotoView.m */; };
		EF990565167E6AB6006B820C /* upload.png in Resources */ = {isa = PBXBuildFile; fileRef = EF990564167E6AB6006B820C /* upload.png */; };
		EF99056C1681F114006B820C /* StreamSource.m in Sources */ = {isa = PBXBuildFile; fileRef = EF99056B1681F114006B820C /* StreamSource.m */; };
		EF99056F168209B2006B820C /* MenuSource.m in Sources */ = {isa = PBXBuildFile; fileRef = EF99056E168209B2006B820C /* MenuSource.m */; };
		EF99057116820F5F006B820C /* MessageUI.framework in Frameworks */ = {isa = PBXBuildFile; fileRef = EF99057016820F5F006B820C /* MessageUI.framework */; };
		EF9EBE70169D0B71000EBA87 /* btn-promote.png in Resources */ = {isa = PBXBuildFile; fileRef = EF9EBE6F169D0B71000EBA87 /* btn-promote.png */; };
		EF9EBE78169D0EA8000EBA87 /* libGoogleAnalytics.a in Frameworks */ = {isa = PBXBuildFile; fileRef = EF9EBE77169D0EA8000EBA87 /* libGoogleAnalytics.a */; };
		EF9EBE7C169D1308000EBA87 /* CoreData.framework in Frameworks */ = {isa = PBXBuildFile; fileRef = EF9EBE7B169D1308000EBA87 /* CoreData.framework */; };
		EF9EBE7F169E619C000EBA87 /* ThemeManager.m in Sources */ = {isa = PBXBuildFile; fileRef = EF9EBE7E169E619C000EBA87 /* ThemeManager.m */; };
		EF9EBE8716A0DE61000EBA87 /* AboutViewController.m in Sources */ = {isa = PBXBuildFile; fileRef = EF9EBE8516A0DE61000EBA87 /* AboutViewController.m */; };
		EF9EBE8816A0DE61000EBA87 /* AboutViewController.xib in Resources */ = {isa = PBXBuildFile; fileRef = EF9EBE8616A0DE61000EBA87 /* AboutViewController.xib */; };
		EF9EBE8C16A0DE73000EBA87 /* ProfileViewController.m in Sources */ = {isa = PBXBuildFile; fileRef = EF9EBE8A16A0DE73000EBA87 /* ProfileViewController.m */; };
		EF9EBE8D16A0DE73000EBA87 /* ProfileViewController.xib in Resources */ = {isa = PBXBuildFile; fileRef = EF9EBE8B16A0DE73000EBA87 /* ProfileViewController.xib */; };
		EF9EBE9716A11524000EBA87 /* hamburger.png in Resources */ = {isa = PBXBuildFile; fileRef = EF9EBE9616A11524000EBA87 /* hamburger.png */; };
		EF9EBE9C16A27A77000EBA87 /* UserManager.m in Sources */ = {isa = PBXBuildFile; fileRef = EF9EBE9B16A27A77000EBA87 /* UserManager.m */; };
		EF9EBEA616A49995000EBA87 /* ActivityView.m in Sources */ = {isa = PBXBuildFile; fileRef = EF9EBEA516A49995000EBA87 /* ActivityView.m */; };
		EF9EBEAD16A4E1F9000EBA87 /* toggle.png in Resources */ = {isa = PBXBuildFile; fileRef = EF9EBEAC16A4E1F9000EBA87 /* toggle.png */; };
		EF9EBEB116A514D9000EBA87 /* lens.png in Resources */ = {isa = PBXBuildFile; fileRef = EF9EBEB016A514D9000EBA87 /* lens.png */; };
		EF9EBEB316A6566A000EBA87 /* title-photohunt.png in Resources */ = {isa = PBXBuildFile; fileRef = EF9EBEB216A65669000EBA87 /* title-photohunt.png */; };
		EFB47BE316944477008284DD /* ImageCache.m in Sources */ = {isa = PBXBuildFile; fileRef = EFB47BE216944477008284DD /* ImageCache.m */; };
		EFB47BEA1694A21D008284DD /* btn-vote.png in Resources */ = {isa = PBXBuildFile; fileRef = EFB47BE81694A21D008284DD /* btn-vote.png */; };
		EFB47BEB1694A21D008284DD /* bubble.png in Resources */ = {isa = PBXBuildFile; fileRef = EFB47BE91694A21D008284DD /* bubble.png */; };
		EFBE2BD916A9DE1000867120 /* ImageViewController.m in Sources */ = {isa = PBXBuildFile; fileRef = EFBE2BD716A9DE1000867120 /* ImageViewController.m */; };
		EFBE2BDA16A9DE1000867120 /* ImageViewController.xib in Resources */ = {isa = PBXBuildFile; fileRef = EFBE2BD816A9DE1000867120 /* ImageViewController.xib */; };
		EFBE36B016C14FEA00726FA1 /* SenTestingKit.framework in Frameworks */ = {isa = PBXBuildFile; fileRef = EFBE36AF16C14FEA00726FA1 /* SenTestingKit.framework */; };
		EFBE36B116C14FEA00726FA1 /* UIKit.framework in Frameworks */ = {isa = PBXBuildFile; fileRef = EFC366161635FE02008603E5 /* UIKit.framework */; };
		EFBE36B216C14FEA00726FA1 /* Foundation.framework in Frameworks */ = {isa = PBXBuildFile; fileRef = EFC366181635FE02008603E5 /* Foundation.framework */; };
		EFBE36B816C14FEA00726FA1 /* InfoPlist.strings in Resources */ = {isa = PBXBuildFile; fileRef = EFBE36B616C14FEA00726FA1 /* InfoPlist.strings */; };
		EFBE36BB16C14FEA00726FA1 /* Tests.m in Sources */ = {isa = PBXBuildFile; fileRef = EFBE36BA16C14FEA00726FA1 /* Tests.m */; };
		EFC366171635FE02008603E5 /* UIKit.framework in Frameworks */ = {isa = PBXBuildFile; fileRef = EFC366161635FE02008603E5 /* UIKit.framework */; };
		EFC366191635FE02008603E5 /* Foundation.framework in Frameworks */ = {isa = PBXBuildFile; fileRef = EFC366181635FE02008603E5 /* Foundation.framework */; };
		EFC3661B1635FE02008603E5 /* CoreGraphics.framework in Frameworks */ = {isa = PBXBuildFile; fileRef = EFC3661A1635FE02008603E5 /* CoreGraphics.framework */; };
		EFC366211635FE02008603E5 /* InfoPlist.strings in Resources */ = {isa = PBXBuildFile; fileRef = EFC3661F1635FE02008603E5 /* InfoPlist.strings */; };
		EFC366231635FE02008603E5 /* main.m in Sources */ = {isa = PBXBuildFile; fileRef = EFC366221635FE02008603E5 /* main.m */; };
		EFC366271635FE02008603E5 /* AppDelegate.m in Sources */ = {isa = PBXBuildFile; fileRef = EFC366261635FE02008603E5 /* AppDelegate.m */; };
		EFC366291635FE02008603E5 /* Default.png in Resources */ = {isa = PBXBuildFile; fileRef = EFC366281635FE02008603E5 /* Default.png */; };
		EFC366341635FEE3008603E5 /* icon-reg.png in Resources */ = {isa = PBXBuildFile; fileRef = EFC366331635FEE3008603E5 /* icon-reg.png */; };
		EFC366361635FEF8008603E5 /* icon-2x.png in Resources */ = {isa = PBXBuildFile; fileRef = EFC366351635FEF8008603E5 /* icon-2x.png */; };
		EFC366811636253C008603E5 /* Security.framework in Frameworks */ = {isa = PBXBuildFile; fileRef = EFC366801636253C008603E5 /* Security.framework */; };
		EFC36683163625DC008603E5 /* SystemConfiguration.framework in Frameworks */ = {isa = PBXBuildFile; fileRef = EFC36682163625DC008603E5 /* SystemConfiguration.framework */; };
		EFC366CF163756D9008603E5 /* CoreTelephony.framework in Frameworks */ = {isa = PBXBuildFile; fileRef = EFC366CE163756D9008603E5 /* CoreTelephony.framework */; };
		EFC367901638C5D0008603E5 /* HomeViewController.m in Sources */ = {isa = PBXBuildFile; fileRef = EFC3678E1638C5CF008603E5 /* HomeViewController.m */; };
		EFC367911638C5D0008603E5 /* HomeViewController.xib in Resources */ = {isa = PBXBuildFile; fileRef = EFC3678F1638C5CF008603E5 /* HomeViewController.xib */; };
		EFCBC564167A65F900BF66A8 /* FSHUploadUrl.m in Sources */ = {isa = PBXBuildFile; fileRef = EFCBC563167A65F900BF66A8 /* FSHUploadUrl.m */; };
/* End PBXBuildFile section */

/* Begin PBXContainerItemProxy section */
		0083E3281683DE2A003A1590 /* PBXContainerItemProxy */ = {
			isa = PBXContainerItemProxy;
			containerPortal = EFC366091635FE02008603E5 /* Project object */;
			proxyType = 1;
			remoteGlobalIDString = EFC366111635FE02008603E5;
			remoteInfo = PhotoHunt;
		};
		EFBE36C116C14FFC00726FA1 /* PBXContainerItemProxy */ = {
			isa = PBXContainerItemProxy;
			containerPortal = EFC366091635FE02008603E5 /* Project object */;
			proxyType = 1;
			remoteGlobalIDString = EFC366111635FE02008603E5;
			remoteInfo = PhotoHunt;
		};
/* End PBXContainerItemProxy section */

/* Begin PBXFileReference section */
		24E9AF94177A4A4000D249E7 /* AccessTokenObj.h */ = {isa = PBXFileReference; fileEncoding = 4; lastKnownFileType = sourcecode.c.h; path = AccessTokenObj.h; sourceTree = "<group>"; };
		24E9AF95177A4A4000D249E7 /* AccessTokenObj.m */ = {isa = PBXFileReference; fileEncoding = 4; lastKnownFileType = sourcecode.c.objc; path = AccessTokenObj.m; sourceTree = "<group>"; };
		24E9AFA5177A4A4000D249E7 /* FriendsObj.h */ = {isa = PBXFileReference; fileEncoding = 4; lastKnownFileType = sourcecode.c.h; path = FriendsObj.h; sourceTree = "<group>"; };
		24E9AFA6177A4A4000D249E7 /* FriendsObj.m */ = {isa = PBXFileReference; fileEncoding = 4; lastKnownFileType = sourcecode.c.objc; path = FriendsObj.m; sourceTree = "<group>"; };
		24E9AFA7177A4A4000D249E7 /* FSHClient.h */ = {isa = PBXFileReference; fileEncoding = 4; lastKnownFileType = sourcecode.c.h; path = FSHClient.h; sourceTree = "<group>"; };
		24E9AFA8177A4A4000D249E7 /* FSHClient.m */ = {isa = PBXFileReference; fileEncoding = 4; lastKnownFileType = sourcecode.c.objc; path = FSHClient.m; sourceTree = "<group>"; };
		24E9AFA9177A4A4000D249E7 /* PhotoObj.h */ = {isa = PBXFileReference; fileEncoding = 4; lastKnownFileType = sourcecode.c.h; path = PhotoObj.h; sourceTree = "<group>"; };
		24E9AFAA177A4A4000D249E7 /* PhotoObj.m */ = {isa = PBXFileReference; fileEncoding = 4; lastKnownFileType = sourcecode.c.objc; path = PhotoObj.m; sourceTree = "<group>"; };
		24E9AFAB177A4A4000D249E7 /* PhotosObj.h */ = {isa = PBXFileReference; fileEncoding = 4; lastKnownFileType = sourcecode.c.h; path = PhotosObj.h; sourceTree = "<group>"; };
		24E9AFAC177A4A4000D249E7 /* PhotosObj.m */ = {isa = PBXFileReference; fileEncoding = 4; lastKnownFileType = sourcecode.c.objc; path = PhotosObj.m; sourceTree = "<group>"; };
		24E9AFAD177A4A4000D249E7 /* ProfileObj.h */ = {isa = PBXFileReference; fileEncoding = 4; lastKnownFileType = sourcecode.c.h; path = ProfileObj.h; sourceTree = "<group>"; };
		24E9AFAE177A4A4000D249E7 /* ProfileObj.m */ = {isa = PBXFileReference; fileEncoding = 4; lastKnownFileType = sourcecode.c.objc; path = ProfileObj.m; sourceTree = "<group>"; };
		24E9AFAF177A4A4000D249E7 /* ThemeObj.h */ = {isa = PBXFileReference; fileEncoding = 4; lastKnownFileType = sourcecode.c.h; path = ThemeObj.h; sourceTree = "<group>"; };
		24E9AFB0177A4A4000D249E7 /* ThemeObj.m */ = {isa = PBXFileReference; fileEncoding = 4; lastKnownFileType = sourcecode.c.objc; path = ThemeObj.m; sourceTree = "<group>"; };
		24E9AFB1177A4A4000D249E7 /* ThemesObj.h */ = {isa = PBXFileReference; fileEncoding = 4; lastKnownFileType = sourcecode.c.h; path = ThemesObj.h; sourceTree = "<group>"; };
		24E9AFB2177A4A4000D249E7 /* ThemesObj.m */ = {isa = PBXFileReference; fileEncoding = 4; lastKnownFileType = sourcecode.c.objc; path = ThemesObj.m; sourceTree = "<group>"; };
		24E9AFB3177A4A4000D249E7 /* UploadUrlObj.h */ = {isa = PBXFileReference; fileEncoding = 4; lastKnownFileType = sourcecode.c.h; path = UploadUrlObj.h; sourceTree = "<group>"; };
		24E9AFB4177A4A4000D249E7 /* UploadUrlObj.m */ = {isa = PBXFileReference; fileEncoding = 4; lastKnownFileType = sourcecode.c.objc; path = UploadUrlObj.m; sourceTree = "<group>"; };
		24E9AFC3177A4A4E00D249E7 /* Default-568h@2x.png */ = {isa = PBXFileReference; lastKnownFileType = image.png; path = "Default-568h@2x.png"; sourceTree = "<group>"; };
		24E9AFC6177A4AB400D249E7 /* AFHTTPClient.h */ = {isa = PBXFileReference; fileEncoding = 4; lastKnownFileType = sourcecode.c.h; path = AFHTTPClient.h; sourceTree = "<group>"; };
		24E9AFC7177A4AB400D249E7 /* AFHTTPClient.m */ = {isa = PBXFileReference; fileEncoding = 4; lastKnownFileType = sourcecode.c.objc; path = AFHTTPClient.m; sourceTree = "<group>"; };
		24E9AFC8177A4AB400D249E7 /* AFHTTPRequestOperation.h */ = {isa = PBXFileReference; fileEncoding = 4; lastKnownFileType = sourcecode.c.h; path = AFHTTPRequestOperation.h; sourceTree = "<group>"; };
		24E9AFC9177A4AB400D249E7 /* AFHTTPRequestOperation.m */ = {isa = PBXFileReference; fileEncoding = 4; lastKnownFileType = sourcecode.c.objc; path = AFHTTPRequestOperation.m; sourceTree = "<group>"; };
		24E9AFCA177A4AB400D249E7 /* AFImageRequestOperation.h */ = {isa = PBXFileReference; fileEncoding = 4; lastKnownFileType = sourcecode.c.h; path = AFImageRequestOperation.h; sourceTree = "<group>"; };
		24E9AFCB177A4AB400D249E7 /* AFImageRequestOperation.m */ = {isa = PBXFileReference; fileEncoding = 4; lastKnownFileType = sourcecode.c.objc; path = AFImageRequestOperation.m; sourceTree = "<group>"; };
		24E9AFCC177A4AB400D249E7 /* AFJSONRequestOperation.h */ = {isa = PBXFileReference; fileEncoding = 4; lastKnownFileType = sourcecode.c.h; path = AFJSONRequestOperation.h; sourceTree = "<group>"; };
		24E9AFCD177A4AB400D249E7 /* AFJSONRequestOperation.m */ = {isa = PBXFileReference; fileEncoding = 4; lastKnownFileType = sourcecode.c.objc; path = AFJSONRequestOperation.m; sourceTree = "<group>"; };
		24E9AFCE177A4AB400D249E7 /* AFNetworkActivityIndicatorManager.h */ = {isa = PBXFileReference; fileEncoding = 4; lastKnownFileType = sourcecode.c.h; path = AFNetworkActivityIndicatorManager.h; sourceTree = "<group>"; };
		24E9AFCF177A4AB400D249E7 /* AFNetworkActivityIndicatorManager.m */ = {isa = PBXFileReference; fileEncoding = 4; lastKnownFileType = sourcecode.c.objc; path = AFNetworkActivityIndicatorManager.m; sourceTree = "<group>"; };
		24E9AFD0177A4AB400D249E7 /* AFNetworking.h */ = {isa = PBXFileReference; fileEncoding = 4; lastKnownFileType = sourcecode.c.h; path = AFNetworking.h; sourceTree = "<group>"; };
		24E9AFD1177A4AB400D249E7 /* AFPropertyListRequestOperation.h */ = {isa = PBXFileReference; fileEncoding = 4; lastKnownFileType = sourcecode.c.h; path = AFPropertyListRequestOperation.h; sourceTree = "<group>"; };
		24E9AFD2177A4AB400D249E7 /* AFPropertyListRequestOperation.m */ = {isa = PBXFileReference; fileEncoding = 4; lastKnownFileType = sourcecode.c.objc; path = AFPropertyListRequestOperation.m; sourceTree = "<group>"; };
		24E9AFD3177A4AB400D249E7 /* AFURLConnectionOperation.h */ = {isa = PBXFileReference; fileEncoding = 4; lastKnownFileType = sourcecode.c.h; path = AFURLConnectionOperation.h; sourceTree = "<group>"; };
		24E9AFD4177A4AB400D249E7 /* AFURLConnectionOperation.m */ = {isa = PBXFileReference; fileEncoding = 4; lastKnownFileType = sourcecode.c.objc; path = AFURLConnectionOperation.m; sourceTree = "<group>"; };
		24E9AFD5177A4AB400D249E7 /* AFXMLRequestOperation.h */ = {isa = PBXFileReference; fileEncoding = 4; lastKnownFileType = sourcecode.c.h; path = AFXMLRequestOperation.h; sourceTree = "<group>"; };
		24E9AFD6177A4AB400D249E7 /* AFXMLRequestOperation.m */ = {isa = PBXFileReference; fileEncoding = 4; lastKnownFileType = sourcecode.c.objc; path = AFXMLRequestOperation.m; sourceTree = "<group>"; };
		24E9AFD7177A4AB400D249E7 /* UIImageView+AFNetworking.h */ = {isa = PBXFileReference; fileEncoding = 4; lastKnownFileType = sourcecode.c.h; path = "UIImageView+AFNetworking.h"; sourceTree = "<group>"; };
		24E9AFD8177A4AB400D249E7 /* UIImageView+AFNetworking.m */ = {isa = PBXFileReference; fileEncoding = 4; lastKnownFileType = sourcecode.c.objc; path = "UIImageView+AFNetworking.m"; sourceTree = "<group>"; };
		8E1B96151735E97200C5F405 /* GoogleOpenSource.framework */ = {isa = PBXFileReference; lastKnownFileType = wrapper.framework; name = GoogleOpenSource.framework; path = External/GooglePlus/GoogleOpenSource.framework; sourceTree = "<group>"; };
		8EDCFA23173443DA006110F5 /* GooglePlus.framework */ = {isa = PBXFileReference; lastKnownFileType = wrapper.framework; name = GooglePlus.framework; path = External/GooglePlus/GooglePlus.framework; sourceTree = "<group>"; };
		8EDCFA27173443F8006110F5 /* GooglePlus.bundle */ = {isa = PBXFileReference; lastKnownFileType = "wrapper.plug-in"; name = GooglePlus.bundle; path = External/GooglePlus/GooglePlus.bundle; sourceTree = "<group>"; };
		EF2E6A2A16847F9C0047ABBF /* bin.png */ = {isa = PBXFileReference; lastKnownFileType = image.png; path = bin.png; sourceTree = "<group>"; };
		EF37A115163994D3008069F1 /* FSHPhoto.h */ = {isa = PBXFileReference; fileEncoding = 4; lastKnownFileType = sourcecode.c.h; path = FSHPhoto.h; sourceTree = "<group>"; };
		EF37A116163994D3008069F1 /* FSHPhoto.m */ = {isa = PBXFileReference; fileEncoding = 4; lastKnownFileType = sourcecode.c.objc; path = FSHPhoto.m; sourceTree = "<group>"; };
		EF3D290D16DCC8850062F6FE /* bin@2x.png */ = {isa = PBXFileReference; lastKnownFileType = image.png; path = "bin@2x.png"; sourceTree = "<group>"; };
		EF3D290E16DCC8850062F6FE /* hamburger@2x.png */ = {isa = PBXFileReference; lastKnownFileType = image.png; path = "hamburger@2x.png"; sourceTree = "<group>"; };
		EF3D290F16DCC8850062F6FE /* toggle@2x.png */ = {isa = PBXFileReference; lastKnownFileType = image.png; path = "toggle@2x.png"; sourceTree = "<group>"; };
		EF3D291016DCC8850062F6FE /* upload@2x.png */ = {isa = PBXFileReference; lastKnownFileType = image.png; path = "upload@2x.png"; sourceTree = "<group>"; };
		EF4E807F1678A4190018E1EF /* FSHPhotos.h */ = {isa = PBXFileReference; fileEncoding = 4; lastKnownFileType = sourcecode.c.h; path = FSHPhotos.h; sourceTree = "<group>"; };
		EF4E80801678A4190018E1EF /* FSHPhotos.m */ = {isa = PBXFileReference; fileEncoding = 4; lastKnownFileType = sourcecode.c.objc; path = FSHPhotos.m; sourceTree = "<group>"; };
		EF4E808B1678C42C0018E1EF /* GTLQueryFSH.h */ = {isa = PBXFileReference; fileEncoding = 4; lastKnownFileType = sourcecode.c.h; path = GTLQueryFSH.h; sourceTree = "<group>"; };
		EF4E808C1678C42C0018E1EF /* GTLQueryFSH.m */ = {isa = PBXFileReference; fileEncoding = 4; lastKnownFileType = sourcecode.c.objc; path = GTLQueryFSH.m; sourceTree = "<group>"; };
		EF4E808E1678CB5E0018E1EF /* GTLServiceFSH.h */ = {isa = PBXFileReference; fileEncoding = 4; lastKnownFileType = sourcecode.c.h; path = GTLServiceFSH.h; sourceTree = "<group>"; };
		EF4E808F1678CB5F0018E1EF /* GTLServiceFSH.m */ = {isa = PBXFileReference; fileEncoding = 4; lastKnownFileType = sourcecode.c.objc; path = GTLServiceFSH.m; sourceTree = "<group>"; };
		EF4E80911678D2470018E1EF /* FSHAccessToken.h */ = {isa = PBXFileReference; fileEncoding = 4; lastKnownFileType = sourcecode.c.h; path = FSHAccessToken.h; sourceTree = "<group>"; };
		EF4E80921678D2470018E1EF /* FSHAccessToken.m */ = {isa = PBXFileReference; fileEncoding = 4; lastKnownFileType = sourcecode.c.objc; path = FSHAccessToken.m; sourceTree = "<group>"; };
		EF99055A167CA6AA006B820C /* PhotoCardView.h */ = {isa = PBXFileReference; fileEncoding = 4; lastKnownFileType = sourcecode.c.h; path = PhotoCardView.h; sourceTree = "<group>"; };
		EF99055B167CA6AA006B820C /* PhotoCardView.m */ = {isa = PBXFileReference; fileEncoding = 4; lastKnownFileType = sourcecode.c.objc; path = PhotoCardView.m; sourceTree = "<group>"; };
		EF99055F167E460F006B820C /* TakePhotoView.h */ = {isa = PBXFileReference; fileEncoding = 4; lastKnownFileType = sourcecode.c.h; path = TakePhotoView.h; sourceTree = "<group>"; };
		EF990560167E460F006B820C /* TakePhotoView.m */ = {isa = PBXFileReference; fileEncoding = 4; lastKnownFileType = sourcecode.c.objc; path = TakePhotoView.m; sourceTree = "<group>"; };
		EF990564167E6AB6006B820C /* upload.png */ = {isa = PBXFileReference; lastKnownFileType = image.png; path = upload.png; sourceTree = "<group>"; };
		EF99056A1681F114006B820C /* StreamSource.h */ = {isa = PBXFileReference; fileEncoding = 4; lastKnownFileType = sourcecode.c.h; path = StreamSource.h; sourceTree = "<group>"; };
		EF99056B1681F114006B820C /* StreamSource.m */ = {isa = PBXFileReference; fileEncoding = 4; lastKnownFileType = sourcecode.c.objc; path = StreamSource.m; sourceTree = "<group>"; };
		EF99056D168209B2006B820C /* MenuSource.h */ = {isa = PBXFileReference; fileEncoding = 4; lastKnownFileType = sourcecode.c.h; path = MenuSource.h; sourceTree = "<group>"; };
		EF99056E168209B2006B820C /* MenuSource.m */ = {isa = PBXFileReference; fileEncoding = 4; lastKnownFileType = sourcecode.c.objc; path = MenuSource.m; sourceTree = "<group>"; };
		EF99057016820F5F006B820C /* MessageUI.framework */ = {isa = PBXFileReference; lastKnownFileType = wrapper.framework; name = MessageUI.framework; path = System/Library/Frameworks/MessageUI.framework; sourceTree = SDKROOT; };
		EF9EBE6F169D0B71000EBA87 /* btn-promote.png */ = {isa = PBXFileReference; lastKnownFileType = image.png; path = "btn-promote.png"; sourceTree = "<group>"; };
		EF9EBE72169D0EA8000EBA87 /* GAI.h */ = {isa = PBXFileReference; fileEncoding = 4; lastKnownFileType = sourcecode.c.h; name = GAI.h; path = External/Analytics/GAI.h; sourceTree = "<group>"; };
		EF9EBE73169D0EA8000EBA87 /* GAITrackedViewController.h */ = {isa = PBXFileReference; fileEncoding = 4; lastKnownFileType = sourcecode.c.h; name = GAITrackedViewController.h; path = External/Analytics/GAITrackedViewController.h; sourceTree = "<group>"; };
		EF9EBE74169D0EA8000EBA87 /* GAITracker.h */ = {isa = PBXFileReference; fileEncoding = 4; lastKnownFileType = sourcecode.c.h; name = GAITracker.h; path = External/Analytics/GAITracker.h; sourceTree = "<group>"; };
		EF9EBE75169D0EA8000EBA87 /* GAITransaction.h */ = {isa = PBXFileReference; fileEncoding = 4; lastKnownFileType = sourcecode.c.h; name = GAITransaction.h; path = External/Analytics/GAITransaction.h; sourceTree = "<group>"; };
		EF9EBE76169D0EA8000EBA87 /* GAITransactionItem.h */ = {isa = PBXFileReference; fileEncoding = 4; lastKnownFileType = sourcecode.c.h; name = GAITransactionItem.h; path = External/Analytics/GAITransactionItem.h; sourceTree = "<group>"; };
		EF9EBE77169D0EA8000EBA87 /* libGoogleAnalytics.a */ = {isa = PBXFileReference; lastKnownFileType = archive.ar; name = libGoogleAnalytics.a; path = External/Analytics/libGoogleAnalytics.a; sourceTree = "<group>"; };
		EF9EBE7B169D1308000EBA87 /* CoreData.framework */ = {isa = PBXFileReference; lastKnownFileType = wrapper.framework; name = CoreData.framework; path = System/Library/Frameworks/CoreData.framework; sourceTree = SDKROOT; };
		EF9EBE7D169E619C000EBA87 /* ThemeManager.h */ = {isa = PBXFileReference; fileEncoding = 4; lastKnownFileType = sourcecode.c.h; path = ThemeManager.h; sourceTree = "<group>"; };
		EF9EBE7E169E619C000EBA87 /* ThemeManager.m */ = {isa = PBXFileReference; fileEncoding = 4; lastKnownFileType = sourcecode.c.objc; path = ThemeManager.m; sourceTree = "<group>"; };
		EF9EBE8416A0DE61000EBA87 /* AboutViewController.h */ = {isa = PBXFileReference; fileEncoding = 4; lastKnownFileType = sourcecode.c.h; path = AboutViewController.h; sourceTree = "<group>"; };
		EF9EBE8516A0DE61000EBA87 /* AboutViewController.m */ = {isa = PBXFileReference; fileEncoding = 4; lastKnownFileType = sourcecode.c.objc; path = AboutViewController.m; sourceTree = "<group>"; };
		EF9EBE8616A0DE61000EBA87 /* AboutViewController.xib */ = {isa = PBXFileReference; fileEncoding = 4; lastKnownFileType = file.xib; path = AboutViewController.xib; sourceTree = "<group>"; };
		EF9EBE8916A0DE73000EBA87 /* ProfileViewController.h */ = {isa = PBXFileReference; fileEncoding = 4; lastKnownFileType = sourcecode.c.h; path = ProfileViewController.h; sourceTree = "<group>"; };
		EF9EBE8A16A0DE73000EBA87 /* ProfileViewController.m */ = {isa = PBXFileReference; fileEncoding = 4; lastKnownFileType = sourcecode.c.objc; path = ProfileViewController.m; sourceTree = "<group>"; };
		EF9EBE8B16A0DE73000EBA87 /* ProfileViewController.xib */ = {isa = PBXFileReference; fileEncoding = 4; lastKnownFileType = file.xib; path = ProfileViewController.xib; sourceTree = "<group>"; };
		EF9EBE9616A11524000EBA87 /* hamburger.png */ = {isa = PBXFileReference; lastKnownFileType = image.png; path = hamburger.png; sourceTree = "<group>"; };
		EF9EBE9A16A27A76000EBA87 /* UserManager.h */ = {isa = PBXFileReference; fileEncoding = 4; lastKnownFileType = sourcecode.c.h; path = UserManager.h; sourceTree = "<group>"; };
		EF9EBE9B16A27A77000EBA87 /* UserManager.m */ = {isa = PBXFileReference; fileEncoding = 4; lastKnownFileType = sourcecode.c.objc; path = UserManager.m; sourceTree = "<group>"; };
		EF9EBEA416A49994000EBA87 /* ActivityView.h */ = {isa = PBXFileReference; fileEncoding = 4; lastKnownFileType = sourcecode.c.h; path = ActivityView.h; sourceTree = "<group>"; };
		EF9EBEA516A49995000EBA87 /* ActivityView.m */ = {isa = PBXFileReference; fileEncoding = 4; lastKnownFileType = sourcecode.c.objc; path = ActivityView.m; sourceTree = "<group>"; };
		EF9EBEAC16A4E1F9000EBA87 /* toggle.png */ = {isa = PBXFileReference; lastKnownFileType = image.png; path = toggle.png; sourceTree = "<group>"; };
		EF9EBEB016A514D9000EBA87 /* lens.png */ = {isa = PBXFileReference; lastKnownFileType = image.png; path = lens.png; sourceTree = "<group>"; };
		EF9EBEB216A65669000EBA87 /* title-photohunt.png */ = {isa = PBXFileReference; lastKnownFileType = image.png; path = "title-photohunt.png"; sourceTree = "<group>"; };
		EFB47BE116944477008284DD /* ImageCache.h */ = {isa = PBXFileReference; fileEncoding = 4; lastKnownFileType = sourcecode.c.h; path = ImageCache.h; sourceTree = "<group>"; };
		EFB47BE216944477008284DD /* ImageCache.m */ = {isa = PBXFileReference; fileEncoding = 4; lastKnownFileType = sourcecode.c.objc; path = ImageCache.m; sourceTree = "<group>"; };
		EFB47BE81694A21D008284DD /* btn-vote.png */ = {isa = PBXFileReference; lastKnownFileType = image.png; path = "btn-vote.png"; sourceTree = "<group>"; };
		EFB47BE91694A21D008284DD /* bubble.png */ = {isa = PBXFileReference; lastKnownFileType = image.png; path = bubble.png; sourceTree = "<group>"; };
		EFBE2BD616A9DE1000867120 /* ImageViewController.h */ = {isa = PBXFileReference; fileEncoding = 4; lastKnownFileType = sourcecode.c.h; path = ImageViewController.h; sourceTree = "<group>"; };
		EFBE2BD716A9DE1000867120 /* ImageViewController.m */ = {isa = PBXFileReference; fileEncoding = 4; lastKnownFileType = sourcecode.c.objc; path = ImageViewController.m; sourceTree = "<group>"; };
		EFBE2BD816A9DE1000867120 /* ImageViewController.xib */ = {isa = PBXFileReference; fileEncoding = 4; lastKnownFileType = file.xib; path = ImageViewController.xib; sourceTree = "<group>"; };
		EFBE36AE16C14FEA00726FA1 /* Tests.octest */ = {isa = PBXFileReference; explicitFileType = wrapper.cfbundle; includeInIndex = 0; path = Tests.octest; sourceTree = BUILT_PRODUCTS_DIR; };
		EFBE36AF16C14FEA00726FA1 /* SenTestingKit.framework */ = {isa = PBXFileReference; lastKnownFileType = wrapper.framework; name = SenTestingKit.framework; path = Library/Frameworks/SenTestingKit.framework; sourceTree = DEVELOPER_DIR; };
		EFBE36B516C14FEA00726FA1 /* Tests-Info.plist */ = {isa = PBXFileReference; lastKnownFileType = text.plist.xml; path = "Tests-Info.plist"; sourceTree = "<group>"; };
		EFBE36B716C14FEA00726FA1 /* en */ = {isa = PBXFileReference; lastKnownFileType = text.plist.strings; name = en; path = en.lproj/InfoPlist.strings; sourceTree = "<group>"; };
		EFBE36B916C14FEA00726FA1 /* Tests.h */ = {isa = PBXFileReference; lastKnownFileType = sourcecode.c.h; path = Tests.h; sourceTree = "<group>"; };
		EFBE36BA16C14FEA00726FA1 /* Tests.m */ = {isa = PBXFileReference; lastKnownFileType = sourcecode.c.objc; path = Tests.m; sourceTree = "<group>"; };
		EFBE36BC16C14FEA00726FA1 /* Tests-Prefix.pch */ = {isa = PBXFileReference; lastKnownFileType = sourcecode.c.h; path = "Tests-Prefix.pch"; sourceTree = "<group>"; };
		EFC366121635FE02008603E5 /* PhotoHunt.app */ = {isa = PBXFileReference; explicitFileType = wrapper.application; includeInIndex = 0; path = PhotoHunt.app; sourceTree = BUILT_PRODUCTS_DIR; };
		EFC366161635FE02008603E5 /* UIKit.framework */ = {isa = PBXFileReference; lastKnownFileType = wrapper.framework; name = UIKit.framework; path = System/Library/Frameworks/UIKit.framework; sourceTree = SDKROOT; };
		EFC366181635FE02008603E5 /* Foundation.framework */ = {isa = PBXFileReference; lastKnownFileType = wrapper.framework; name = Foundation.framework; path = System/Library/Frameworks/Foundation.framework; sourceTree = SDKROOT; };
		EFC3661A1635FE02008603E5 /* CoreGraphics.framework */ = {isa = PBXFileReference; lastKnownFileType = wrapper.framework; name = CoreGraphics.framework; path = System/Library/Frameworks/CoreGraphics.framework; sourceTree = SDKROOT; };
		EFC3661E1635FE02008603E5 /* PhotoHunt-Info.plist */ = {isa = PBXFileReference; lastKnownFileType = text.plist.xml; path = "PhotoHunt-Info.plist"; sourceTree = "<group>"; };
		EFC366201635FE02008603E5 /* en */ = {isa = PBXFileReference; lastKnownFileType = text.plist.strings; name = en; path = en.lproj/InfoPlist.strings; sourceTree = "<group>"; };
		EFC366221635FE02008603E5 /* main.m */ = {isa = PBXFileReference; lastKnownFileType = sourcecode.c.objc; path = main.m; sourceTree = "<group>"; };
		EFC366241635FE02008603E5 /* PhotoHunt-Prefix.pch */ = {isa = PBXFileReference; lastKnownFileType = sourcecode.c.h; path = "PhotoHunt-Prefix.pch"; sourceTree = "<group>"; };
		EFC366251635FE02008603E5 /* AppDelegate.h */ = {isa = PBXFileReference; lastKnownFileType = sourcecode.c.h; path = AppDelegate.h; sourceTree = "<group>"; };
		EFC366261635FE02008603E5 /* AppDelegate.m */ = {isa = PBXFileReference; lastKnownFileType = sourcecode.c.objc; path = AppDelegate.m; sourceTree = "<group>"; };
		EFC366281635FE02008603E5 /* Default.png */ = {isa = PBXFileReference; lastKnownFileType = image.png; path = Default.png; sourceTree = "<group>"; };
		EFC366331635FEE3008603E5 /* icon-reg.png */ = {isa = PBXFileReference; lastKnownFileType = image.png; name = "icon-reg.png"; path = "../icon-reg.png"; sourceTree = "<group>"; };
		EFC366351635FEF8008603E5 /* icon-2x.png */ = {isa = PBXFileReference; lastKnownFileType = image.png; name = "icon-2x.png"; path = "../icon-2x.png"; sourceTree = "<group>"; };
		EFC366801636253C008603E5 /* Security.framework */ = {isa = PBXFileReference; lastKnownFileType = wrapper.framework; name = Security.framework; path = System/Library/Frameworks/Security.framework; sourceTree = SDKROOT; };
		EFC36682163625DC008603E5 /* SystemConfiguration.framework */ = {isa = PBXFileReference; lastKnownFileType = wrapper.framework; name = SystemConfiguration.framework; path = System/Library/Frameworks/SystemConfiguration.framework; sourceTree = SDKROOT; };
		EFC366CE163756D9008603E5 /* CoreTelephony.framework */ = {isa = PBXFileReference; lastKnownFileType = wrapper.framework; name = CoreTelephony.framework; path = System/Library/Frameworks/CoreTelephony.framework; sourceTree = SDKROOT; };
		EFC3678D1638C5CF008603E5 /* HomeViewController.h */ = {isa = PBXFileReference; fileEncoding = 4; lastKnownFileType = sourcecode.c.h; path = HomeViewController.h; sourceTree = "<group>"; };
		EFC3678E1638C5CF008603E5 /* HomeViewController.m */ = {isa = PBXFileReference; fileEncoding = 4; lastKnownFileType = sourcecode.c.objc; path = HomeViewController.m; sourceTree = "<group>"; };
		EFC3678F1638C5CF008603E5 /* HomeViewController.xib */ = {isa = PBXFileReference; fileEncoding = 4; lastKnownFileType = file.xib; path = HomeViewController.xib; sourceTree = "<group>"; };
		EFCBC562167A65F800BF66A8 /* FSHUploadUrl.h */ = {isa = PBXFileReference; fileEncoding = 4; lastKnownFileType = sourcecode.c.h; path = FSHUploadUrl.h; sourceTree = "<group>"; };
		EFCBC563167A65F900BF66A8 /* FSHUploadUrl.m */ = {isa = PBXFileReference; fileEncoding = 4; lastKnownFileType = sourcecode.c.objc; path = FSHUploadUrl.m; sourceTree = "<group>"; };
/* End PBXFileReference section */

/* Begin PBXFrameworksBuildPhase section */
		EFBE36AA16C14FEA00726FA1 /* Frameworks */ = {
			isa = PBXFrameworksBuildPhase;
			buildActionMask = 2147483647;
			files = (
				EFBE36B016C14FEA00726FA1 /* SenTestingKit.framework in Frameworks */,
				EFBE36B116C14FEA00726FA1 /* UIKit.framework in Frameworks */,
				EFBE36B216C14FEA00726FA1 /* Foundation.framework in Frameworks */,
			);
			runOnlyForDeploymentPostprocessing = 0;
		};
		EFC3660F1635FE02008603E5 /* Frameworks */ = {
			isa = PBXFrameworksBuildPhase;
			buildActionMask = 2147483647;
			files = (
				EF9EBE7C169D1308000EBA87 /* CoreData.framework in Frameworks */,
				EF99057116820F5F006B820C /* MessageUI.framework in Frameworks */,
				EFC366CF163756D9008603E5 /* CoreTelephony.framework in Frameworks */,
				EFC36683163625DC008603E5 /* SystemConfiguration.framework in Frameworks */,
				EFC366811636253C008603E5 /* Security.framework in Frameworks */,
				EFC366171635FE02008603E5 /* UIKit.framework in Frameworks */,
				EFC366191635FE02008603E5 /* Foundation.framework in Frameworks */,
				EFC3661B1635FE02008603E5 /* CoreGraphics.framework in Frameworks */,
				EF9EBE78169D0EA8000EBA87 /* libGoogleAnalytics.a in Frameworks */,
				8EDCFA24173443DA006110F5 /* GooglePlus.framework in Frameworks */,
				8E1B96161735E97200C5F405 /* GoogleOpenSource.framework in Frameworks */,
			);
			runOnlyForDeploymentPostprocessing = 0;
		};
/* End PBXFrameworksBuildPhase section */

/* Begin PBXGroup section */
		24E9AFC5177A4AB400D249E7 /* AFNetworking */ = {
			isa = PBXGroup;
			children = (
				24E9AFC6177A4AB400D249E7 /* AFHTTPClient.h */,
				24E9AFC7177A4AB400D249E7 /* AFHTTPClient.m */,
				24E9AFC8177A4AB400D249E7 /* AFHTTPRequestOperation.h */,
				24E9AFC9177A4AB400D249E7 /* AFHTTPRequestOperation.m */,
				24E9AFCA177A4AB400D249E7 /* AFImageRequestOperation.h */,
				24E9AFCB177A4AB400D249E7 /* AFImageRequestOperation.m */,
				24E9AFCC177A4AB400D249E7 /* AFJSONRequestOperation.h */,
				24E9AFCD177A4AB400D249E7 /* AFJSONRequestOperation.m */,
				24E9AFCE177A4AB400D249E7 /* AFNetworkActivityIndicatorManager.h */,
				24E9AFCF177A4AB400D249E7 /* AFNetworkActivityIndicatorManager.m */,
				24E9AFD0177A4AB400D249E7 /* AFNetworking.h */,
				24E9AFD1177A4AB400D249E7 /* AFPropertyListRequestOperation.h */,
				24E9AFD2177A4AB400D249E7 /* AFPropertyListRequestOperation.m */,
				24E9AFD3177A4AB400D249E7 /* AFURLConnectionOperation.h */,
				24E9AFD4177A4AB400D249E7 /* AFURLConnectionOperation.m */,
				24E9AFD5177A4AB400D249E7 /* AFXMLRequestOperation.h */,
				24E9AFD6177A4AB400D249E7 /* AFXMLRequestOperation.m */,
				24E9AFD7177A4AB400D249E7 /* UIImageView+AFNetworking.h */,
				24E9AFD8177A4AB400D249E7 /* UIImageView+AFNetworking.m */,
			);
			name = AFNetworking;
			path = "../../AFNetworking-AFNetworking-2853215/AFNetworking";
			sourceTree = "<group>";
		};
		EF37A10116398DFB008069F1 /* Objects */ = {
			isa = PBXGroup;
			children = (
				24E9AFA9177A4A4000D249E7 /* PhotoObj.h */,
				24E9AFAA177A4A4000D249E7 /* PhotoObj.m */,
				24E9AFAB177A4A4000D249E7 /* PhotosObj.h */,
				24E9AFAC177A4A4000D249E7 /* PhotosObj.m */,
				24E9AFAD177A4A4000D249E7 /* ProfileObj.h */,
				24E9AFAE177A4A4000D249E7 /* ProfileObj.m */,
				24E9AFAF177A4A4000D249E7 /* ThemeObj.h */,
				24E9AFB0177A4A4000D249E7 /* ThemeObj.m */,
				24E9AFB1177A4A4000D249E7 /* ThemesObj.h */,
				24E9AFB2177A4A4000D249E7 /* ThemesObj.m */,
				24E9AFB3177A4A4000D249E7 /* UploadUrlObj.h */,
				24E9AFB4177A4A4000D249E7 /* UploadUrlObj.m */,
				24E9AF94177A4A4000D249E7 /* AccessTokenObj.h */,
				24E9AF95177A4A4000D249E7 /* AccessTokenObj.m */,
				24E9AFA5177A4A4000D249E7 /* FriendsObj.h */,
				24E9AFA6177A4A4000D249E7 /* FriendsObj.m */,
				EF4E80911678D2470018E1EF /* FSHAccessToken.h */,
				EF4E80921678D2470018E1EF /* FSHAccessToken.m */,
				EF37A115163994D3008069F1 /* FSHPhoto.h */,
				EF37A116163994D3008069F1 /* FSHPhoto.m */,
				EF4E807F1678A4190018E1EF /* FSHPhotos.h */,
				EF4E80801678A4190018E1EF /* FSHPhotos.m */,
				EFCBC562167A65F800BF66A8 /* FSHUploadUrl.h */,
				EFCBC563167A65F900BF66A8 /* FSHUploadUrl.m */,
			);
			name = Objects;
			sourceTree = "<group>";
		};
		EF65033F16A67B4C0071ED72 /* googleplus */ = {
			isa = PBXGroup;
			children = (
				8EDCFA27173443F8006110F5 /* GooglePlus.bundle */,
				8EDCFA23173443DA006110F5 /* GooglePlus.framework */,
				8E1B96151735E97200C5F405 /* GoogleOpenSource.framework */,
			);
			name = googleplus;
			sourceTree = "<group>";
		};
		EF990558167CA664006B820C /* Views */ = {
			isa = PBXGroup;
			children = (
				EF9EBEA416A49994000EBA87 /* ActivityView.h */,
				EF9EBEA516A49995000EBA87 /* ActivityView.m */,
				EF99055A167CA6AA006B820C /* PhotoCardView.h */,
				EF99055B167CA6AA006B820C /* PhotoCardView.m */,
				EF99055F167E460F006B820C /* TakePhotoView.h */,
				EF990560167E460F006B820C /* TakePhotoView.m */,
			);
			name = Views;
			sourceTree = "<group>";
		};
		EF9EBE71169D0E94000EBA87 /* analytics */ = {
			isa = PBXGroup;
			children = (
				EF9EBE72169D0EA8000EBA87 /* GAI.h */,
				EF9EBE73169D0EA8000EBA87 /* GAITrackedViewController.h */,
				EF9EBE74169D0EA8000EBA87 /* GAITracker.h */,
				EF9EBE75169D0EA8000EBA87 /* GAITransaction.h */,
				EF9EBE76169D0EA8000EBA87 /* GAITransactionItem.h */,
				EF9EBE77169D0EA8000EBA87 /* libGoogleAnalytics.a */,
			);
			name = analytics;
			sourceTree = "<group>";
		};
		EFB47BDF16944468008284DD /* Managers */ = {
			isa = PBXGroup;
			children = (
				EFB47BE116944477008284DD /* ImageCache.h */,
				EFB47BE216944477008284DD /* ImageCache.m */,
				EF99056D168209B2006B820C /* MenuSource.h */,
				EF99056E168209B2006B820C /* MenuSource.m */,
				EF99056A1681F114006B820C /* StreamSource.h */,
				EF99056B1681F114006B820C /* StreamSource.m */,
				EF9EBE7D169E619C000EBA87 /* ThemeManager.h */,
				EF9EBE7E169E619C000EBA87 /* ThemeManager.m */,
				EF9EBE9A16A27A76000EBA87 /* UserManager.h */,
				EF9EBE9B16A27A77000EBA87 /* UserManager.m */,
			);
			name = Managers;
			sourceTree = "<group>";
		};
		EFBE36B316C14FEA00726FA1 /* Tests */ = {
			isa = PBXGroup;
			children = (
				EFBE36B916C14FEA00726FA1 /* Tests.h */,
				EFBE36BA16C14FEA00726FA1 /* Tests.m */,
				EFBE36B416C14FEA00726FA1 /* Supporting Files */,
			);
			path = Tests;
			sourceTree = "<group>";
		};
		EFBE36B416C14FEA00726FA1 /* Supporting Files */ = {
			isa = PBXGroup;
			children = (
				EFBE36B516C14FEA00726FA1 /* Tests-Info.plist */,
				EFBE36B616C14FEA00726FA1 /* InfoPlist.strings */,
				EFBE36BC16C14FEA00726FA1 /* Tests-Prefix.pch */,
			);
			name = "Supporting Files";
			sourceTree = "<group>";
		};
		EFC366071635FE02008603E5 = {
			isa = PBXGroup;
			children = (
				24E9AFC5177A4AB400D249E7 /* AFNetworking */,
				24E9AFC3177A4A4E00D249E7 /* Default-568h@2x.png */,
				EFC3661C1635FE02008603E5 /* PhotoHunt */,
				EFBE36B316C14FEA00726FA1 /* Tests */,
				EFC366151635FE02008603E5 /* Frameworks */,
				EFC366131635FE02008603E5 /* Products */,
			);
			sourceTree = "<group>";
		};
		EFC366131635FE02008603E5 /* Products */ = {
			isa = PBXGroup;
			children = (
				EFC366121635FE02008603E5 /* PhotoHunt.app */,
				EFBE36AE16C14FEA00726FA1 /* Tests.octest */,
			);
			name = Products;
			sourceTree = "<group>";
		};
		EFC366151635FE02008603E5 /* Frameworks */ = {
			isa = PBXGroup;
			children = (
				EF9EBE7B169D1308000EBA87 /* CoreData.framework */,
				EFC3661A1635FE02008603E5 /* CoreGraphics.framework */,
				EFC366CE163756D9008603E5 /* CoreTelephony.framework */,
				EFC366181635FE02008603E5 /* Foundation.framework */,
				EF99057016820F5F006B820C /* MessageUI.framework */,
				EFC366801636253C008603E5 /* Security.framework */,
				EFC36682163625DC008603E5 /* SystemConfiguration.framework */,
				EFC366161635FE02008603E5 /* UIKit.framework */,
				EFBE36AF16C14FEA00726FA1 /* SenTestingKit.framework */,
			);
			name = Frameworks;
			sourceTree = "<group>";
		};
		EFC3661C1635FE02008603E5 /* PhotoHunt */ = {
			isa = PBXGroup;
			children = (
				EFC366251635FE02008603E5 /* AppDelegate.h */,
				EFC366261635FE02008603E5 /* AppDelegate.m */,
				EF990558167CA664006B820C /* Views */,
				EFC3663D163604E4008603E5 /* ViewControllers */,
				EFC3679E1638D1E0008603E5 /* DataProviders */,
				EFC3663C163604DA008603E5 /* Interfaces */,
				EFC3661D1635FE02008603E5 /* Supporting Files */,
				EFC3663E163609D2008603E5 /* External */,
			);
			path = PhotoHunt;
			sourceTree = "<group>";
		};
		EFC3661D1635FE02008603E5 /* Supporting Files */ = {
			isa = PBXGroup;
			children = (
				EF3D290D16DCC8850062F6FE /* bin@2x.png */,
				EF3D290E16DCC8850062F6FE /* hamburger@2x.png */,
				EF3D290F16DCC8850062F6FE /* toggle@2x.png */,
				EF3D291016DCC8850062F6FE /* upload@2x.png */,
				EFC366221635FE02008603E5 /* main.m */,
				EFC366241635FE02008603E5 /* PhotoHunt-Prefix.pch */,
				EFC3661E1635FE02008603E5 /* PhotoHunt-Info.plist */,
				EF2E6A2A16847F9C0047ABBF /* bin.png */,
				EF9EBE6F169D0B71000EBA87 /* btn-promote.png */,
				EFB47BE81694A21D008284DD /* btn-vote.png */,
				EFB47BE91694A21D008284DD /* bubble.png */,
				EFC366281635FE02008603E5 /* Default.png */,
				EF9EBE9616A11524000EBA87 /* hamburger.png */,
				EFC366351635FEF8008603E5 /* icon-2x.png */,
				EFC366331635FEE3008603E5 /* icon-reg.png */,
				EF9EBEB016A514D9000EBA87 /* lens.png */,
				EF9EBEB216A65669000EBA87 /* title-photohunt.png */,
				EF9EBEAC16A4E1F9000EBA87 /* toggle.png */,
				EF990564167E6AB6006B820C /* upload.png */,
				EFC3661F1635FE02008603E5 /* InfoPlist.strings */,
			);
			name = "Supporting Files";
			sourceTree = "<group>";
		};
		EFC3663C163604DA008603E5 /* Interfaces */ = {
			isa = PBXGroup;
			children = (
				EF9EBE8616A0DE61000EBA87 /* AboutViewController.xib */,
				EFC3678F1638C5CF008603E5 /* HomeViewController.xib */,
				EFBE2BD816A9DE1000867120 /* ImageViewController.xib */,
				EF9EBE8B16A0DE73000EBA87 /* ProfileViewController.xib */,
			);
			name = Interfaces;
			sourceTree = "<group>";
		};
		EFC3663D163604E4008603E5 /* ViewControllers */ = {
			isa = PBXGroup;
			children = (
				EF9EBE8416A0DE61000EBA87 /* AboutViewController.h */,
				EF9EBE8516A0DE61000EBA87 /* AboutViewController.m */,
				EFC3678D1638C5CF008603E5 /* HomeViewController.h */,
				EFC3678E1638C5CF008603E5 /* HomeViewController.m */,
				EFBE2BD616A9DE1000867120 /* ImageViewController.h */,
				EFBE2BD716A9DE1000867120 /* ImageViewController.m */,
				EF9EBE8916A0DE73000EBA87 /* ProfileViewController.h */,
				EF9EBE8A16A0DE73000EBA87 /* ProfileViewController.m */,
			);
			name = ViewControllers;
			sourceTree = "<group>";
		};
		EFC3663E163609D2008603E5 /* External */ = {
			isa = PBXGroup;
			children = (
				EF65033F16A67B4C0071ED72 /* googleplus */,
				EF9EBE71169D0E94000EBA87 /* analytics */,
			);
			name = External;
			sourceTree = "<group>";
		};
		EFC3679E1638D1E0008603E5 /* DataProviders */ = {
			isa = PBXGroup;
			children = (
				24E9AFA7177A4A4000D249E7 /* FSHClient.h */,
				24E9AFA8177A4A4000D249E7 /* FSHClient.m */,
				EF4E808B1678C42C0018E1EF /* GTLQueryFSH.h */,
				EF4E808C1678C42C0018E1EF /* GTLQueryFSH.m */,
				EF4E808E1678CB5E0018E1EF /* GTLServiceFSH.h */,
				EF4E808F1678CB5F0018E1EF /* GTLServiceFSH.m */,
				EFB47BDF16944468008284DD /* Managers */,
				EF37A10116398DFB008069F1 /* Objects */,
			);
			name = DataProviders;
			sourceTree = "<group>";
		};
/* End PBXGroup section */

/* Begin PBXNativeTarget section */
		EFBE36AD16C14FEA00726FA1 /* Tests */ = {
			isa = PBXNativeTarget;
			buildConfigurationList = EFBE36BF16C14FEA00726FA1 /* Build configuration list for PBXNativeTarget "Tests" */;
			buildPhases = (
				EFBE36A916C14FEA00726FA1 /* Sources */,
				EFBE36AA16C14FEA00726FA1 /* Frameworks */,
				EFBE36AB16C14FEA00726FA1 /* Resources */,
				EFBE36AC16C14FEA00726FA1 /* ShellScript */,
			);
			buildRules = (
			);
			dependencies = (
				EFBE36C216C14FFC00726FA1 /* PBXTargetDependency */,
			);
			name = Tests;
			productName = Tests;
			productReference = EFBE36AE16C14FEA00726FA1 /* Tests.octest */;
			productType = "com.apple.product-type.bundle";
		};
		EFC366111635FE02008603E5 /* PhotoHunt */ = {
			isa = PBXNativeTarget;
			buildConfigurationList = EFC366301635FE02008603E5 /* Build configuration list for PBXNativeTarget "PhotoHunt" */;
			buildPhases = (
				EFC3660E1635FE02008603E5 /* Sources */,
				EFC3660F1635FE02008603E5 /* Frameworks */,
				EFC366101635FE02008603E5 /* Resources */,
			);
			buildRules = (
			);
			dependencies = (
			);
			name = PhotoHunt;
			productName = PhotoHunt;
			productReference = EFC366121635FE02008603E5 /* PhotoHunt.app */;
			productType = "com.apple.product-type.application";
		};
/* End PBXNativeTarget section */

/* Begin PBXProject section */
		EFC366091635FE02008603E5 /* Project object */ = {
			isa = PBXProject;
			attributes = {
				LastUpgradeCheck = 0450;
				ORGANIZATIONNAME = "Ian Barber";
			};
			buildConfigurationList = EFC3660C1635FE02008603E5 /* Build configuration list for PBXProject "PhotoHunt" */;
			compatibilityVersion = "Xcode 3.2";
			developmentRegion = English;
			hasScannedForEncodings = 0;
			knownRegions = (
				en,
				af,
				am,
				ar,
				be,
				bg,
				ca,
				cs,
				da,
				de,
				de_AT,
				de_CH,
				el,
				en_GB,
				en_IE,
				en_IN,
				en_SG,
				en_ZA,
				es,
				es_419,
				es_AR,
				es_BO,
				es_CL,
				es_CO,
				es_CR,
				es_DO,
				es_EC,
				es_GT,
				es_HN,
				es_MX,
				es_NI,
				es_PA,
				es_PE,
				es_PR,
				es_PY,
				es_SV,
				es_US,
				es_UY,
				es_VE,
				et,
				fa,
				fi,
				fil,
				fr,
				fr_CH,
				gsw,
				he,
				hi,
				hr,
				hu,
				id,
				in,
				it,
				iw,
				ja,
				ko,
				ln,
				lt,
				lv,
				mo,
				ms,
				nb,
				nl,
				no,
				pl,
				pt,
				pt_BR,
				pt_PT,
				ro,
				ru,
				sk,
				sl,
				sr,
				sv,
				sw,
				th,
				tl,
				tr,
				uk,
				vi,
				zh,
				zh_CN,
				zh_HK,
				zh_TW,
				zu,
			);
			mainGroup = EFC366071635FE02008603E5;
			productRefGroup = EFC366131635FE02008603E5 /* Products */;
			projectDirPath = "";
			projectRoot = "";
			targets = (
				EFC366111635FE02008603E5 /* PhotoHunt */,
				0083E3241683DE24003A1590 /* Build All */,
				EFBE36AD16C14FEA00726FA1 /* Tests */,
			);
		};
/* End PBXProject section */

/* Begin PBXResourcesBuildPhase section */
		EFBE36AB16C14FEA00726FA1 /* Resources */ = {
			isa = PBXResourcesBuildPhase;
			buildActionMask = 2147483647;
			files = (
				EFBE36B816C14FEA00726FA1 /* InfoPlist.strings in Resources */,
			);
			runOnlyForDeploymentPostprocessing = 0;
		};
		EFC366101635FE02008603E5 /* Resources */ = {
			isa = PBXResourcesBuildPhase;
			buildActionMask = 2147483647;
			files = (
				EFC366211635FE02008603E5 /* InfoPlist.strings in Resources */,
				EFC366291635FE02008603E5 /* Default.png in Resources */,
				EFC366341635FEE3008603E5 /* icon-reg.png in Resources */,
				EFC366361635FEF8008603E5 /* icon-2x.png in Resources */,
				EFC367911638C5D0008603E5 /* HomeViewController.xib in Resources */,
				EF990565167E6AB6006B820C /* upload.png in Resources */,
				EF2E6A2C16847F9C0047ABBF /* bin.png in Resources */,
				EFB47BEA1694A21D008284DD /* btn-vote.png in Resources */,
				EFB47BEB1694A21D008284DD /* bubble.png in Resources */,
				EF9EBE70169D0B71000EBA87 /* btn-promote.png in Resources */,
				EF9EBE8816A0DE61000EBA87 /* AboutViewController.xib in Resources */,
				EF9EBE8D16A0DE73000EBA87 /* ProfileViewController.xib in Resources */,
				EF9EBE9716A11524000EBA87 /* hamburger.png in Resources */,
				EF9EBEAD16A4E1F9000EBA87 /* toggle.png in Resources */,
				EF9EBEB116A514D9000EBA87 /* lens.png in Resources */,
				EF9EBEB316A6566A000EBA87 /* title-photohunt.png in Resources */,
				EFBE2BDA16A9DE1000867120 /* ImageViewController.xib in Resources */,
				EF3D291116DCC8850062F6FE /* bin@2x.png in Resources */,
				EF3D291216DCC8850062F6FE /* hamburger@2x.png in Resources */,
				EF3D291316DCC8850062F6FE /* toggle@2x.png in Resources */,
				EF3D291416DCC8850062F6FE /* upload@2x.png in Resources */,
				8EDCFA28173443F8006110F5 /* GooglePlus.bundle in Resources */,
				24E9AFC4177A4A4E00D249E7 /* Default-568h@2x.png in Resources */,
			);
			runOnlyForDeploymentPostprocessing = 0;
		};
/* End PBXResourcesBuildPhase section */

/* Begin PBXShellScriptBuildPhase section */
		EFBE36AC16C14FEA00726FA1 /* ShellScript */ = {
			isa = PBXShellScriptBuildPhase;
			buildActionMask = 2147483647;
			files = (
			);
			inputPaths = (
			);
			outputPaths = (
			);
			runOnlyForDeploymentPostprocessing = 0;
			shellPath = /bin/sh;
			shellScript = "# Run the unit tests in this test bundle.\n\"${SYSTEM_DEVELOPER_DIR}/Tools/RunUnitTests\"\n";
		};
/* End PBXShellScriptBuildPhase section */

/* Begin PBXSourcesBuildPhase section */
		EFBE36A916C14FEA00726FA1 /* Sources */ = {
			isa = PBXSourcesBuildPhase;
			buildActionMask = 2147483647;
			files = (
				EFBE36BB16C14FEA00726FA1 /* Tests.m in Sources */,
			);
			runOnlyForDeploymentPostprocessing = 0;
		};
		EFC3660E1635FE02008603E5 /* Sources */ = {
			isa = PBXSourcesBuildPhase;
			buildActionMask = 2147483647;
			files = (
				EFC366231635FE02008603E5 /* main.m in Sources */,
				EFC366271635FE02008603E5 /* AppDelegate.m in Sources */,
				EFC367901638C5D0008603E5 /* HomeViewController.m in Sources */,
				EF37A117163994D3008069F1 /* FSHPhoto.m in Sources */,
				EF4E80811678A4190018E1EF /* FSHPhotos.m in Sources */,
				EF4E808D1678C42C0018E1EF /* GTLQueryFSH.m in Sources */,
				EF4E80901678CB5F0018E1EF /* GTLServiceFSH.m in Sources */,
				EF4E80931678D2480018E1EF /* FSHAccessToken.m in Sources */,
				EFCBC564167A65F900BF66A8 /* FSHUploadUrl.m in Sources */,
				EF99055C167CA6AA006B820C /* PhotoCardView.m in Sources */,
				EF990561167E460F006B820C /* TakePhotoView.m in Sources */,
				EF99056C1681F114006B820C /* StreamSource.m in Sources */,
				EF99056F168209B2006B820C /* MenuSource.m in Sources */,
				EFB47BE316944477008284DD /* ImageCache.m in Sources */,
				EF9EBE7F169E619C000EBA87 /* ThemeManager.m in Sources */,
				EF9EBE8716A0DE61000EBA87 /* AboutViewController.m in Sources */,
				EF9EBE8C16A0DE73000EBA87 /* ProfileViewController.m in Sources */,
				EF9EBE9C16A27A77000EBA87 /* UserManager.m in Sources */,
				EF9EBEA616A49995000EBA87 /* ActivityView.m in Sources */,
				EFBE2BD916A9DE1000867120 /* ImageViewController.m in Sources */,
				24E9AFB5177A4A4000D249E7 /* AccessTokenObj.m in Sources */,
				24E9AFBB177A4A4000D249E7 /* FriendsObj.m in Sources */,
				24E9AFBC177A4A4000D249E7 /* FSHClient.m in Sources */,
				24E9AFBD177A4A4000D249E7 /* PhotoObj.m in Sources */,
				24E9AFBE177A4A4000D249E7 /* PhotosObj.m in Sources */,
				24E9AFBF177A4A4000D249E7 /* ProfileObj.m in Sources */,
				24E9AFC0177A4A4000D249E7 /* ThemeObj.m in Sources */,
				24E9AFC1177A4A4000D249E7 /* ThemesObj.m in Sources */,
				24E9AFC2177A4A4000D249E7 /* UploadUrlObj.m in Sources */,
				24E9AFD9177A4AB400D249E7 /* AFHTTPClient.m in Sources */,
				24E9AFDA177A4AB400D249E7 /* AFHTTPRequestOperation.m in Sources */,
				24E9AFDB177A4AB400D249E7 /* AFImageRequestOperation.m in Sources */,
				24E9AFDC177A4AB400D249E7 /* AFJSONRequestOperation.m in Sources */,
				24E9AFDD177A4AB400D249E7 /* AFNetworkActivityIndicatorManager.m in Sources */,
				24E9AFDE177A4AB400D249E7 /* AFPropertyListRequestOperation.m in Sources */,
				24E9AFDF177A4AB400D249E7 /* AFURLConnectionOperation.m in Sources */,
				24E9AFE0177A4AB400D249E7 /* AFXMLRequestOperation.m in Sources */,
				24E9AFE1177A4AB400D249E7 /* UIImageView+AFNetworking.m in Sources */,
			);
			runOnlyForDeploymentPostprocessing = 0;
		};
/* End PBXSourcesBuildPhase section */

/* Begin PBXTargetDependency section */
		0083E3291683DE2A003A1590 /* PBXTargetDependency */ = {
			isa = PBXTargetDependency;
			target = EFC366111635FE02008603E5 /* PhotoHunt */;
			targetProxy = 0083E3281683DE2A003A1590 /* PBXContainerItemProxy */;
		};
		EFBE36C216C14FFC00726FA1 /* PBXTargetDependency */ = {
			isa = PBXTargetDependency;
			target = EFC366111635FE02008603E5 /* PhotoHunt */;
			targetProxy = EFBE36C116C14FFC00726FA1 /* PBXContainerItemProxy */;
		};
/* End PBXTargetDependency section */

/* Begin PBXVariantGroup section */
		EFBE36B616C14FEA00726FA1 /* InfoPlist.strings */ = {
			isa = PBXVariantGroup;
			children = (
				EFBE36B716C14FEA00726FA1 /* en */,
			);
			name = InfoPlist.strings;
			sourceTree = "<group>";
		};
		EFC3661F1635FE02008603E5 /* InfoPlist.strings */ = {
			isa = PBXVariantGroup;
			children = (
				EFC366201635FE02008603E5 /* en */,
			);
			name = InfoPlist.strings;
			sourceTree = "<group>";
		};
/* End PBXVariantGroup section */

/* Begin XCBuildConfiguration section */
		0083E3261683DE24003A1590 /* Debug */ = {
			isa = XCBuildConfiguration;
			buildSettings = {
				PRODUCT_NAME = "$(TARGET_NAME)";
			};
			name = Debug;
		};
		0083E3271683DE24003A1590 /* Release */ = {
			isa = XCBuildConfiguration;
			buildSettings = {
				PRODUCT_NAME = "$(TARGET_NAME)";
			};
			name = Release;
		};
		EFBE36BD16C14FEA00726FA1 /* Debug */ = {
			isa = XCBuildConfiguration;
			buildSettings = {
				BUNDLE_LOADER = "$(BUILT_PRODUCTS_DIR)/PhotoHunt.app/PhotoHunt";
				CLANG_ENABLE_OBJC_ARC = YES;
				FRAMEWORK_SEARCH_PATHS = (
					"\"$(SDKROOT)/Developer/Library/Frameworks\"",
					"\"$(DEVELOPER_LIBRARY_DIR)/Frameworks\"",
				);
				GCC_PRECOMPILE_PREFIX_HEADER = YES;
				GCC_PREFIX_HEADER = "Tests/Tests-Prefix.pch";
				INFOPLIST_FILE = "Tests/Tests-Info.plist";
				PRODUCT_NAME = "$(TARGET_NAME)";
				TEST_HOST = "$(BUNDLE_LOADER)";
				WRAPPER_EXTENSION = octest;
			};
			name = Debug;
		};
		EFBE36BE16C14FEA00726FA1 /* Release */ = {
			isa = XCBuildConfiguration;
			buildSettings = {
				BUNDLE_LOADER = "$(BUILT_PRODUCTS_DIR)/PhotoHunt.app/PhotoHunt";
				CLANG_ENABLE_OBJC_ARC = YES;
				FRAMEWORK_SEARCH_PATHS = (
					"\"$(SDKROOT)/Developer/Library/Frameworks\"",
					"\"$(DEVELOPER_LIBRARY_DIR)/Frameworks\"",
				);
				GCC_PRECOMPILE_PREFIX_HEADER = YES;
				GCC_PREFIX_HEADER = "Tests/Tests-Prefix.pch";
				INFOPLIST_FILE = "Tests/Tests-Info.plist";
				PRODUCT_NAME = "$(TARGET_NAME)";
				TEST_HOST = "$(BUNDLE_LOADER)";
				WRAPPER_EXTENSION = octest;
			};
			name = Release;
		};
		EFC3662E1635FE02008603E5 /* Debug */ = {
			isa = XCBuildConfiguration;
			buildSettings = {
				ALWAYS_SEARCH_USER_PATHS = NO;
				CLANG_CXX_LANGUAGE_STANDARD = "gnu++0x";
				CLANG_CXX_LIBRARY = "libc++";
				CLANG_WARN_EMPTY_BODY = YES;
				CLANG_WARN__DUPLICATE_METHOD_MATCH = YES;
				COPY_PHASE_STRIP = NO;
				GCC_C_LANGUAGE_STANDARD = gnu99;
				GCC_DYNAMIC_NO_PIC = NO;
				GCC_OPTIMIZATION_LEVEL = 0;
				GCC_PREPROCESSOR_DEFINITIONS = (
					"DEBUG=1",
					"$(inherited)",
				);
				GCC_SYMBOLS_PRIVATE_EXTERN = NO;
				GCC_WARN_ABOUT_RETURN_TYPE = YES;
				GCC_WARN_UNINITIALIZED_AUTOS = YES;
				GCC_WARN_UNUSED_VARIABLE = YES;
				IPHONEOS_DEPLOYMENT_TARGET = 6.0;
				ONLY_ACTIVE_ARCH = YES;
				OTHER_LDFLAGS = (
					"-ObjC",
					"-all_load",
				);
				SDKROOT = iphoneos;
			};
			name = Debug;
		};
		EFC3662F1635FE02008603E5 /* Release */ = {
			isa = XCBuildConfiguration;
			buildSettings = {
				ALWAYS_SEARCH_USER_PATHS = NO;
				CLANG_CXX_LANGUAGE_STANDARD = "gnu++0x";
				CLANG_CXX_LIBRARY = "libc++";
				CLANG_WARN_EMPTY_BODY = YES;
				CLANG_WARN__DUPLICATE_METHOD_MATCH = YES;
				COPY_PHASE_STRIP = YES;
				GCC_C_LANGUAGE_STANDARD = gnu99;
				GCC_WARN_ABOUT_RETURN_TYPE = YES;
				GCC_WARN_UNINITIALIZED_AUTOS = YES;
				GCC_WARN_UNUSED_VARIABLE = YES;
				IPHONEOS_DEPLOYMENT_TARGET = 6.0;
				OTHER_CFLAGS = "-DNS_BLOCK_ASSERTIONS=1";
				OTHER_LDFLAGS = (
					"-ObjC",
					"-all_load",
				);
				SDKROOT = iphoneos;
				VALIDATE_PRODUCT = YES;
			};
			name = Release;
		};
		EFC366311635FE02008603E5 /* Debug */ = {
			isa = XCBuildConfiguration;
			buildSettings = {
				CLANG_ENABLE_OBJC_ARC = YES;
				FRAMEWORK_SEARCH_PATHS = (
					"$(inherited)",
					"\"$(SRCROOT)/PhotoHunt/External/GooglePlus\"",
				);
				GCC_PRECOMPILE_PREFIX_HEADER = YES;
				GCC_PREFIX_HEADER = "PhotoHunt/PhotoHunt-Prefix.pch";
				INFOPLIST_FILE = "PhotoHunt/PhotoHunt-Info.plist";
				IPHONEOS_DEPLOYMENT_TARGET = 5.1;
				LIBRARY_SEARCH_PATHS = (
					"$(inherited)",
					"\"$(SRCROOT)/PhotoHunt/External\"/**",
					"\"$(SRCROOT)/PhotoHunt/External/Analytics\"",
				);
				OTHER_LDFLAGS = "-ObjC";
				PRODUCT_NAME = "$(TARGET_NAME)";
				WRAPPER_EXTENSION = app;
			};
			name = Debug;
		};
		EFC366321635FE02008603E5 /* Release */ = {
			isa = XCBuildConfiguration;
			buildSettings = {
				CLANG_ENABLE_OBJC_ARC = YES;
				FRAMEWORK_SEARCH_PATHS = (
					"$(inherited)",
					"\"$(SRCROOT)/PhotoHunt/External/GooglePlus\"",
				);
				GCC_PRECOMPILE_PREFIX_HEADER = YES;
				GCC_PREFIX_HEADER = "PhotoHunt/PhotoHunt-Prefix.pch";
				INFOPLIST_FILE = "PhotoHunt/PhotoHunt-Info.plist";
				IPHONEOS_DEPLOYMENT_TARGET = 5.1;
				LIBRARY_SEARCH_PATHS = (
					"$(inherited)",
					"\"$(SRCROOT)/PhotoHunt/External\"/**",
					"\"$(SRCROOT)/PhotoHunt/External/Analytics\"",
				);
				OTHER_LDFLAGS = "-ObjC";
				PRODUCT_NAME = "$(TARGET_NAME)";
				WRAPPER_EXTENSION = app;
			};
			name = Release;
		};
/* End XCBuildConfiguration section */

/* Begin XCConfigurationList section */
		0083E3251683DE24003A1590 /* Build configuration list for PBXAggregateTarget "Build All" */ = {
			isa = XCConfigurationList;
			buildConfigurations = (
				0083E3261683DE24003A1590 /* Debug */,
				0083E3271683DE24003A1590 /* Release */,
			);
			defaultConfigurationIsVisible = 0;
			defaultConfigurationName = Release;
		};
		EFBE36BF16C14FEA00726FA1 /* Build configuration list for PBXNativeTarget "Tests" */ = {
			isa = XCConfigurationList;
			buildConfigurations = (
				EFBE36BD16C14FEA00726FA1 /* Debug */,
				EFBE36BE16C14FEA00726FA1 /* Release */,
			);
			defaultConfigurationIsVisible = 0;
			defaultConfigurationName = Release;
		};
		EFC3660C1635FE02008603E5 /* Build configuration list for PBXProject "PhotoHunt" */ = {
			isa = XCConfigurationList;
			buildConfigurations = (
				EFC3662E1635FE02008603E5 /* Debug */,
				EFC3662F1635FE02008603E5 /* Release */,
			);
			defaultConfigurationIsVisible = 0;
			defaultConfigurationName = Release;
		};
		EFC366301635FE02008603E5 /* Build configuration list for PBXNativeTarget "PhotoHunt" */ = {
			isa = XCConfigurationList;
			buildConfigurations = (
				EFC366311635FE02008603E5 /* Debug */,
				EFC366321635FE02008603E5 /* Release */,
			);
			defaultConfigurationIsVisible = 0;
			defaultConfigurationName = Release;
		};
/* End XCConfigurationList section */
	};
	rootObject = EFC366091635FE02008603E5 /* Project object */;
}
